
Microsoft Visual Studio Solution File, Format Version 12.00
# Visual Studio 15
VisualStudioVersion = 15.0.28307.645
MinimumVisualStudioVersion = 10.0.40219.1
Project("{FAE04EC0-301F-11D3-BF4B-00C04F79EFBC}") = "Domain", "Domain\Domain.csproj", "{D66330E4-5EF6-4E2D-81DD-6C7F4EA386E3}"
EndProject
Project("{FAE04EC0-301F-11D3-BF4B-00C04F79EFBC}") = "DataAccess", "DataAccess\DataAccess.csproj", "{B4E448C8-241D-4D63-A444-D4AC5BC16C0D}"
EndProject
Project("{FAE04EC0-301F-11D3-BF4B-00C04F79EFBC}") = "Services", "Services\Services.csproj", "{0CE3CDF4-DBE5-44E5-91A7-355ED83ABC81}"
EndProject
Project("{FAE04EC0-301F-11D3-BF4B-00C04F79EFBC}") = "Infrastructure", "Infrastructure\Infrastructure.csproj", "{FB3BEAD7-3E8F-4E59-A35F-0597D30BDD50}"
EndProject
Project("{FAE04EC0-301F-11D3-BF4B-00C04F79EFBC}") = "Web", "Web\Web.csproj", "{3622EDC0-A701-44CF-87BC-FFA7CEAA824D}"
EndProject
Project("{FAE04EC0-301F-11D3-BF4B-00C04F79EFBC}") = "Common", "Common\Common.csproj", "{D9E6ECEB-3946-46CB-BE72-F28498E942F6}"
EndProject
Global
	GlobalSection(SolutionConfigurationPlatforms) = preSolution
		Debug|Any CPU = Debug|Any CPU
		Release|Any CPU = Release|Any CPU
	EndGlobalSection
	GlobalSection(ProjectConfigurationPlatforms) = postSolution
		{D66330E4-5EF6-4E2D-81DD-6C7F4EA386E3}.Debug|Any CPU.ActiveCfg = Debug|Any CPU
		{D66330E4-5EF6-4E2D-81DD-6C7F4EA386E3}.Debug|Any CPU.Build.0 = Debug|Any CPU
		{D66330E4-5EF6-4E2D-81DD-6C7F4EA386E3}.Release|Any CPU.ActiveCfg = Release|Any CPU
		{D66330E4-5EF6-4E2D-81DD-6C7F4EA386E3}.Release|Any CPU.Build.0 = Release|Any CPU
		{B4E448C8-241D-4D63-A444-D4AC5BC16C0D}.Debug|Any CPU.ActiveCfg = Debug|Any CPU
		{B4E448C8-241D-4D63-A444-D4AC5BC16C0D}.Debug|Any CPU.Build.0 = Debug|Any CPU
		{B4E448C8-241D-4D63-A444-D4AC5BC16C0D}.Release|Any CPU.ActiveCfg = Release|Any CPU
		{B4E448C8-241D-4D63-A444-D4AC5BC16C0D}.Release|Any CPU.Build.0 = Release|Any CPU
		{0CE3CDF4-DBE5-44E5-91A7-355ED83ABC81}.Debug|Any CPU.ActiveCfg = Debug|Any CPU
		{0CE3CDF4-DBE5-44E5-91A7-355ED83ABC81}.Debug|Any CPU.Build.0 = Debug|Any CPU
		{0CE3CDF4-DBE5-44E5-91A7-355ED83ABC81}.Release|Any CPU.ActiveCfg = Release|Any CPU
		{0CE3CDF4-DBE5-44E5-91A7-355ED83ABC81}.Release|Any CPU.Build.0 = Release|Any CPU
		{FB3BEAD7-3E8F-4E59-A35F-0597D30BDD50}.Debug|Any CPU.ActiveCfg = Debug|Any CPU
		{FB3BEAD7-3E8F-4E59-A35F-0597D30BDD50}.Debug|Any CPU.Build.0 = Debug|Any CPU
		{FB3BEAD7-3E8F-4E59-A35F-0597D30BDD50}.Release|Any CPU.ActiveCfg = Release|Any CPU
		{FB3BEAD7-3E8F-4E59-A35F-0597D30BDD50}.Release|Any CPU.Build.0 = Release|Any CPU
		{3622EDC0-A701-44CF-87BC-FFA7CEAA824D}.Debug|Any CPU.ActiveCfg = Debug|Any CPU
		{3622EDC0-A701-44CF-87BC-FFA7CEAA824D}.Debug|Any CPU.Build.0 = Debug|Any CPU
		{3622EDC0-A701-44CF-87BC-FFA7CEAA824D}.Release|Any CPU.ActiveCfg = Release|Any CPU
		{3622EDC0-A701-44CF-87BC-FFA7CEAA824D}.Release|Any CPU.Build.0 = Release|Any CPU
		{D9E6ECEB-3946-46CB-BE72-F28498E942F6}.Debug|Any CPU.ActiveCfg = Debug|Any CPU
		{D9E6ECEB-3946-46CB-BE72-F28498E942F6}.Debug|Any CPU.Build.0 = Debug|Any CPU
		{D9E6ECEB-3946-46CB-BE72-F28498E942F6}.Release|Any CPU.ActiveCfg = Release|Any CPU
		{D9E6ECEB-3946-46CB-BE72-F28498E942F6}.Release|Any CPU.Build.0 = Release|Any CPU
	EndGlobalSection
	GlobalSection(SolutionProperties) = preSolution
		HideSolutionNode = FALSE
	EndGlobalSection
	GlobalSection(ExtensibilityGlobals) = postSolution
		SolutionGuid = {E18D3607-7274-443C-9447-0F4EAF398760}
	EndGlobalSection
EndGlobal
