
Microsoft Visual Studio Solution File, Format Version 12.00
# Visual Studio 15
VisualStudioVersion = 15.0.28307.271
MinimumVisualStudioVersion = 10.0.40219.1
Project("{FAE04EC0-301F-11D3-BF4B-00C04F79EFBC}") = "EasyInterview.Core", "EasyInterview.Core\EasyInterview.Core.csproj", "{51E1E312-7927-417D-BA00-E7BCB036C7E8}"
EndProject
Project("{FAE04EC0-301F-11D3-BF4B-00C04F79EFBC}") = "EasyInterview.Contracts", "EasyInterview.Contracts\EasyInterview.Contracts.csproj", "{8CBCA8FB-22E2-433B-8D42-DDD186607806}"
EndProject
Project("{FAE04EC0-301F-11D3-BF4B-00C04F79EFBC}") = "EasyInterview.DAL", "EasyInterview.DAL\EasyInterview.DAL.csproj", "{554F939B-EBC9-424C-B68D-46F2EA3B2067}"
EndProject
Project("{FAE04EC0-301F-11D3-BF4B-00C04F79EFBC}") = "EasyInterview.BLL", "EasyInterview.BLL\EasyInterview.BLL.csproj", "{C2EA4FCE-02A8-43C1-B9FE-92DA140B6126}"
EndProject
Project("{FAE04EC0-301F-11D3-BF4B-00C04F79EFBC}") = "EasyInterview.WEB", "EasyInterview.WEB\EasyInterview.WEB.csproj", "{E8158460-67C0-4710-A23F-04AFE93DA67D}"
EndProject
Global
	GlobalSection(SolutionConfigurationPlatforms) = preSolution
		Debug|Any CPU = Debug|Any CPU
		Release|Any CPU = Release|Any CPU
	EndGlobalSection
	GlobalSection(ProjectConfigurationPlatforms) = postSolution
		{51E1E312-7927-417D-BA00-E7BCB036C7E8}.Debug|Any CPU.ActiveCfg = Debug|Any CPU
		{51E1E312-7927-417D-BA00-E7BCB036C7E8}.Debug|Any CPU.Build.0 = Debug|Any CPU
		{51E1E312-7927-417D-BA00-E7BCB036C7E8}.Release|Any CPU.ActiveCfg = Release|Any CPU
		{51E1E312-7927-417D-BA00-E7BCB036C7E8}.Release|Any CPU.Build.0 = Release|Any CPU
		{8CBCA8FB-22E2-433B-8D42-DDD186607806}.Debug|Any CPU.ActiveCfg = Debug|Any CPU
		{8CBCA8FB-22E2-433B-8D42-DDD186607806}.Debug|Any CPU.Build.0 = Debug|Any CPU
		{8CBCA8FB-22E2-433B-8D42-DDD186607806}.Release|Any CPU.ActiveCfg = Release|Any CPU
		{8CBCA8FB-22E2-433B-8D42-DDD186607806}.Release|Any CPU.Build.0 = Release|Any CPU
		{554F939B-EBC9-424C-B68D-46F2EA3B2067}.Debug|Any CPU.ActiveCfg = Debug|Any CPU
		{554F939B-EBC9-424C-B68D-46F2EA3B2067}.Debug|Any CPU.Build.0 = Debug|Any CPU
		{554F939B-EBC9-424C-B68D-46F2EA3B2067}.Release|Any CPU.ActiveCfg = Release|Any CPU
		{554F939B-EBC9-424C-B68D-46F2EA3B2067}.Release|Any CPU.Build.0 = Release|Any CPU
		{C2EA4FCE-02A8-43C1-B9FE-92DA140B6126}.Debug|Any CPU.ActiveCfg = Debug|Any CPU
		{C2EA4FCE-02A8-43C1-B9FE-92DA140B6126}.Debug|Any CPU.Build.0 = Debug|Any CPU
		{C2EA4FCE-02A8-43C1-B9FE-92DA140B6126}.Release|Any CPU.ActiveCfg = Release|Any CPU
		{C2EA4FCE-02A8-43C1-B9FE-92DA140B6126}.Release|Any CPU.Build.0 = Release|Any CPU
		{E8158460-67C0-4710-A23F-04AFE93DA67D}.Debug|Any CPU.ActiveCfg = Debug|Any CPU
		{E8158460-67C0-4710-A23F-04AFE93DA67D}.Debug|Any CPU.Build.0 = Debug|Any CPU
		{E8158460-67C0-4710-A23F-04AFE93DA67D}.Release|Any CPU.ActiveCfg = Release|Any CPU
		{E8158460-67C0-4710-A23F-04AFE93DA67D}.Release|Any CPU.Build.0 = Release|Any CPU
	EndGlobalSection
	GlobalSection(SolutionProperties) = preSolution
		HideSolutionNode = FALSE
	EndGlobalSection
	GlobalSection(ExtensibilityGlobals) = postSolution
		SolutionGuid = {23583908-2F49-46E2-AA3C-84FF0E1A916E}
	EndGlobalSection
EndGlobal
